
Microsoft Visual Studio Solution File, Format Version 12.00
# Visual Studio 15
VisualStudioVersion = 15.0.27703.2042
MinimumVisualStudioVersion = 10.0.40219.1
Project("{FAE04EC0-301F-11D3-BF4B-00C04F79EFBC}") = "MyLibraray", "MyLibraray.csproj", "{8787A857-4F50-44D3-B04D-C25B35C110E5}"
EndProject
Global
	GlobalSection(SolutionConfigurationPlatforms) = preSolution
		Debug|Any CPU = Debug|Any CPU
		Release|Any CPU = Release|Any CPU
	EndGlobalSection
	GlobalSection(ProjectConfigurationPlatforms) = postSolution
		{8787A857-4F50-44D3-B04D-C25B35C110E5}.Debug|Any CPU.ActiveCfg = Debug|Any CPU
		{8787A857-4F50-44D3-B04D-C25B35C110E5}.Debug|Any CPU.Build.0 = Debug|Any CPU
		{8787A857-4F50-44D3-B04D-C25B35C110E5}.Release|Any CPU.ActiveCfg = Release|Any CPU
		{8787A857-4F50-44D3-B04D-C25B35C110E5}.Release|Any CPU.Build.0 = Release|Any CPU
	EndGlobalSection
	GlobalSection(SolutionProperties) = preSolution
		HideSolutionNode = FALSE
	EndGlobalSection
	GlobalSection(ExtensibilityGlobals) = postSolution
		SolutionGuid = {BB2165C2-457C-4B4C-BD93-7F97A984836D}
	EndGlobalSection
EndGlobal
